
Microsoft Visual Studio Solution File, Format Version 12.00
# Visual Studio Version 17
VisualStudioVersion = 17.8.34408.163
MinimumVisualStudioVersion = 10.0.40219.1
Project("{9A19103F-16F7-4668-BE54-9A1E7A4F7556}") = "lrdbridge", "src\lrdbridge.csproj", "{8AEEF88F-4B63-4370-B78B-3802F2041333}"
EndProject
Project("{9A19103F-16F7-4668-BE54-9A1E7A4F7556}") = "lrdbridgeTests", "test\lrdbridgeTests.csproj", "{F595612D-3E2D-4BB7-B978-4E2310BD5953}"
EndProject
Global
	GlobalSection(SolutionConfigurationPlatforms) = preSolution
		Debug|Any CPU = Debug|Any CPU
		Release|Any CPU = Release|Any CPU
	EndGlobalSection
	GlobalSection(ProjectConfigurationPlatforms) = postSolution
		{8AEEF88F-4B63-4370-B78B-3802F2041333}.Debug|Any CPU.ActiveCfg = Debug|Any CPU
		{8AEEF88F-4B63-4370-B78B-3802F2041333}.Debug|Any CPU.Build.0 = Debug|Any CPU
		{8AEEF88F-4B63-4370-B78B-3802F2041333}.Release|Any CPU.ActiveCfg = Release|Any CPU
		{8AEEF88F-4B63-4370-B78B-3802F2041333}.Release|Any CPU.Build.0 = Release|Any CPU
		{F595612D-3E2D-4BB7-B978-4E2310BD5953}.Debug|Any CPU.ActiveCfg = Debug|Any CPU
		{F595612D-3E2D-4BB7-B978-4E2310BD5953}.Debug|Any CPU.Build.0 = Debug|Any CPU
		{F595612D-3E2D-4BB7-B978-4E2310BD5953}.Release|Any CPU.ActiveCfg = Release|Any CPU
		{F595612D-3E2D-4BB7-B978-4E2310BD5953}.Release|Any CPU.Build.0 = Release|Any CPU
	EndGlobalSection
	GlobalSection(SolutionProperties) = preSolution
		HideSolutionNode = FALSE
	EndGlobalSection
	GlobalSection(ExtensibilityGlobals) = postSolution
		SolutionGuid = {876CB914-2A19-4A0A-B057-4B811EF08FC7}
	EndGlobalSection
EndGlobal
